<?xml version="1.0" encoding="utf-8"?>
<Project ToolsVersion="4.0" xmlns="http://schemas.microsoft.com/developer/msbuild/2003">
  <ItemGroup>
    <Filter Include="Source">
      <UniqueIdentifier>{4FC737F1-C7A5-4376-A066-2A32D752A2FF}</UniqueIdentifier>
      <Extensions>cpp;c;cc;cxx;c++;cppm;ixx;def;odl;idl;hpj;bat;asm;asmx</Extensions>
    </Filter>
    <Filter Include="Header">
      <UniqueIdentifier>{93995380-89BD-4b04-88EB-625FBE52EBFB}</UniqueIdentifier>
      <Extensions>h;hh;hpp;hxx;h++;hm;inl;inc;ipp;xsd</Extensions>
    </Filter>
    <Filter Include="Header\base64">
      <UniqueIdentifier>{edfc1911-4eb7-4058-b12e-ba150e91bad5}</UniqueIdentifier>
    </Filter>
    <Filter Include="Header\interfaces">
      <UniqueIdentifier>{1ed5a88b-4128-4a79-8b19-0129a4f813be}</UniqueIdentifier>
    </Filter>
    <Filter Include="Header\http">
      <UniqueIdentifier>{4c2b2546-f066-4ee9-9346-2ad4ff3bb049}</UniqueIdentifier>
    </Filter>
    <Filter Include="Source\http">
      <UniqueIdentifier>{f14e8108-75db-4952-aa65-23cf3062dbbd}</UniqueIdentifier>
    </Filter>
    <Filter Include="Source\interfaces">
      <UniqueIdentifier>{4d7dcb26-dbaa-41d7-85fd-1a9d11c2191e}</UniqueIdentifier>
    </Filter>
    <Filter Include="Source\base64">
      <UniqueIdentifier>{b0ec2f9f-75ec-49b1-b416-280ceb31949b}</UniqueIdentifier>
    </Filter>
    <Filter Include="Source\https">
      <UniqueIdentifier>{a80007dc-82cb-4bc9-99e2-88811b634d57}</UniqueIdentifier>
    </Filter>
    <Filter Include="Source\sql">
      <UniqueIdentifier>{54fd5413-6ab7-45ac-b6fb-38d3aebd1e65}</UniqueIdentifier>
    </Filter>
    <Filter Include="Header\sql">
      <UniqueIdentifier>{12351c13-10a4-4f16-84f2-f152ad9dd5a3}</UniqueIdentifier>
    </Filter>
    <Filter Include="Header\https">
      <UniqueIdentifier>{7f0e6f06-8090-4c0e-bc77-f12005fefab5}</UniqueIdentifier>
    </Filter>
    <Filter Include="Header\hash">
      <UniqueIdentifier>{1d60a1a0-64fc-4369-9924-82e209916e71}</UniqueIdentifier>
    </Filter>
    <Filter Include="Source\hash">
      <UniqueIdentifier>{baddf480-f1ca-4fad-9a63-8bb5a14a94ae}</UniqueIdentifier>
    </Filter>
    <Filter Include="Header\json">
      <UniqueIdentifier>{438f3b97-5d08-4a3f-b735-5f0922548059}</UniqueIdentifier>
    </Filter>
    <Filter Include="Source\json">
      <UniqueIdentifier>{7b905231-dcba-4322-abff-89070d420760}</UniqueIdentifier>
    </Filter>
    <Filter Include="Header\network">
      <UniqueIdentifier>{c0c05e1d-43d6-4877-8be9-6e8acea3e5e3}</UniqueIdentifier>
    </Filter>
    <Filter Include="Source\network">
      <UniqueIdentifier>{6d0afc32-b7e5-4409-a79a-3d684156ab7c}</UniqueIdentifier>
    </Filter>
    <Filter Include="json">
      <UniqueIdentifier>{a09a574d-da36-488e-ac5d-6c63b1cee13e}</UniqueIdentifier>
    </Filter>
    <Filter Include="Source\service">
      <UniqueIdentifier>{4810f957-5527-4e7f-9052-c823bdcc4ed8}</UniqueIdentifier>
    </Filter>
    <Filter Include="Header\service">
      <UniqueIdentifier>{f339317e-2d0e-46f5-b36b-35b0ef769dc3}</UniqueIdentifier>
    </Filter>
    <Filter Include="Header\debugging">
      <UniqueIdentifier>{20ca42d7-21e3-4d98-812b-603d72b70229}</UniqueIdentifier>
    </Filter>
  </ItemGroup>
  <ItemGroup>
    <ClCompile Include="main.cpp">
      <Filter>Source</Filter>
    </ClCompile>
    <ClCompile Include="HttpHelper.cpp">
      <Filter>Source\http</Filter>
    </ClCompile>
    <ClCompile Include="HttpObject.cpp">
      <Filter>Source\http</Filter>
    </ClCompile>
    <ClCompile Include="HttpRouter.cpp">
      <Filter>Source\http</Filter>
    </ClCompile>
    <ClCompile Include="IServer.cpp">
      <Filter>Source\interfaces</Filter>
    </ClCompile>
    <ClCompile Include="base64.cpp">
      <Filter>Source\base64</Filter>
    </ClCompile>
    <ClCompile Include="HttpFileContainer.cpp">
      <Filter>Source\http</Filter>
    </ClCompile>
    <ClCompile Include="HttpsClient.cpp">
      <Filter>Source\https</Filter>
    </ClCompile>
    <ClCompile Include="HttpsServer.cpp">
      <Filter>Source\https</Filter>
    </ClCompile>
    <ClCompile Include="SQLiteConnector.cpp">
      <Filter>Source\sql</Filter>
    </ClCompile>
    <ClCompile Include="Hash.cpp">
      <Filter>Source\hash</Filter>
    </ClCompile>
    <ClCompile Include="HttpServer.cpp">
      <Filter>Source\http</Filter>
    </ClCompile>
    <ClCompile Include="http.cpp">
      <Filter>Source\http</Filter>
    </ClCompile>
    <ClCompile Include="json.cpp">
      <Filter>Source\json</Filter>
    </ClCompile>
    <ClCompile Include="network.cpp">
      <Filter>Source\network</Filter>
    </ClCompile>
    <ClCompile Include="IService.cpp">
      <Filter>Source\interfaces</Filter>
    </ClCompile>
    <ClCompile Include="IndexPageService.cpp">
      <Filter>Source\service</Filter>
    </ClCompile>
    <ClCompile Include="GetAriticleService.cpp">
      <Filter>Source\service</Filter>
    </ClCompile>
    <ClCompile Include="GetArticleListService.cpp">
      <Filter>Source\service</Filter>
    </ClCompile>
  </ItemGroup>
  <ItemGroup>
    <ClInclude Include="ArticleObject.h">
      <Filter>Header</Filter>
    </ClInclude>
    <ClInclude Include="IServer.h">
      <Filter>Header\interfaces</Filter>
    </ClInclude>
    <ClInclude Include="base64.h">
      <Filter>Header\base64</Filter>
    </ClInclude>
    <ClInclude Include="HttpFileContainer.h">
      <Filter>Header\http</Filter>
    </ClInclude>
    <ClInclude Include="HttpHelper.h">
      <Filter>Header\http</Filter>
    </ClInclude>
    <ClInclude Include="HttpObject.h">
      <Filter>Header\http</Filter>
    </ClInclude>
    <ClInclude Include="HttpRouter.h">
      <Filter>Header\http</Filter>
    </ClInclude>
    <ClInclude Include="SQLiteConnector.h">
      <Filter>Header\sql</Filter>
    </ClInclude>
    <ClInclude Include="SQLiteSQLStatements.h">
      <Filter>Header\sql</Filter>
    </ClInclude>
    <ClInclude Include="HttpsClient.h">
      <Filter>Header\https</Filter>
    </ClInclude>
    <ClInclude Include="HttpsServer.h">
      <Filter>Header\https</Filter>
    </ClInclude>
    <ClInclude Include="Hash.h">
      <Filter>Header\hash</Filter>
    </ClInclude>
    <ClInclude Include="http.h">
      <Filter>Header\http</Filter>
    </ClInclude>
    <ClInclude Include="HttpServer.h">
      <Filter>Header\http</Filter>
    </ClInclude>
    <ClInclude Include="json.h">
      <Filter>Header\json</Filter>
    </ClInclude>
    <ClInclude Include="network.h">
      <Filter>Header\network</Filter>
    </ClInclude>
    <ClInclude Include="IService.h">
      <Filter>Header\interfaces</Filter>
    </ClInclude>
    <ClInclude Include="IndexPageService.h">
      <Filter>Header\service</Filter>
    </ClInclude>
    <ClInclude Include="GetAriticleService.h">
      <Filter>Header\service</Filter>
    </ClInclude>
    <ClInclude Include="GetArticleListService.h">
      <Filter>Header\service</Filter>
    </ClInclude>
    <ClInclude Include="DebugHelper.h">
      <Filter>Header\debugging</Filter>
    </ClInclude>
  </ItemGroup>
  <ItemGroup>
    <None Include="..\resource\json\services.json">
      <Filter>json</Filter>
    </None>
  </ItemGroup>
</Project>